// !$*UTF8*$!
{
	archiveVersion = 1;
	classes = {
	};
	objectVersion = 46;
	objects = {

/* Begin PBXBuildFile section */
		52EB3D131746338800068AC4 /* ss.png in Resources */ = {isa = PBXBuildFile; fileRef = 52EB3D121746338800068AC4 /* ss.png */; };
		52EE4202172C4A93007590A9 /* UIKit.framework in Frameworks */ = {isa = PBXBuildFile; fileRef = 52EE4201172C4A93007590A9 /* UIKit.framework */; };
		52EE4204172C4A93007590A9 /* Foundation.framework in Frameworks */ = {isa = PBXBuildFile; fileRef = 52EE4203172C4A93007590A9 /* Foundation.framework */; };
		52EE4206172C4A93007590A9 /* CoreGraphics.framework in Frameworks */ = {isa = PBXBuildFile; fileRef = 52EE4205172C4A93007590A9 /* CoreGraphics.framework */; };
		52EE420C172C4A93007590A9 /* InfoPlist.strings in Resources */ = {isa = PBXBuildFile; fileRef = 52EE420A172C4A93007590A9 /* InfoPlist.strings */; };
		52EE420E172C4A93007590A9 /* main.m in Sources */ = {isa = PBXBuildFile; fileRef = 52EE420D172C4A93007590A9 /* main.m */; };
		52EE4212172C4A93007590A9 /* AppDelegate.m in Sources */ = {isa = PBXBuildFile; fileRef = 52EE4211172C4A93007590A9 /* AppDelegate.m */; };
		52EE4214172C4A94007590A9 /* Default.png in Resources */ = {isa = PBXBuildFile; fileRef = 52EE4213172C4A94007590A9 /* Default.png */; };
		52EE4216172C4A94007590A9 /* Default@2x.png in Resources */ = {isa = PBXBuildFile; fileRef = 52EE4215172C4A94007590A9 /* Default@2x.png */; };
		52EE4218172C4A94007590A9 /* Default-568h@2x.png in Resources */ = {isa = PBXBuildFile; fileRef = 52EE4217172C4A94007590A9 /* Default-568h@2x.png */; };
		52EE421B172C4A94007590A9 /* ViewController.m in Sources */ = {isa = PBXBuildFile; fileRef = 52EE421A172C4A94007590A9 /* ViewController.m */; };
		52EE421E172C4A94007590A9 /* ViewController.xib in Resources */ = {isa = PBXBuildFile; fileRef = 52EE421C172C4A94007590A9 /* ViewController.xib */; };
		52EE4226172C51CE007590A9 /* ECListView.m in Sources */ = {isa = PBXBuildFile; fileRef = 52EE4225172C51CE007590A9 /* ECListView.m */; };
		52EE4229172C853C007590A9 /* check@2x.png in Resources */ = {isa = PBXBuildFile; fileRef = 52EE4227172C853C007590A9 /* check@2x.png */; };
		52EE422A172C853C007590A9 /* check.png in Resources */ = {isa = PBXBuildFile; fileRef = 52EE4228172C853C007590A9 /* check.png */; };
/* End PBXBuildFile section */

/* Begin PBXFileReference section */
		52EB3D121746338800068AC4 /* ss.png */ = {isa = PBXFileReference; lastKnownFileType = image.png; path = ss.png; sourceTree = "<group>"; };
		52EE41FD172C4A93007590A9 /* ECListView.app */ = {isa = PBXFileReference; explicitFileType = wrapper.application; includeInIndex = 0; path = ECListView.app; sourceTree = BUILT_PRODUCTS_DIR; };
		52EE4201172C4A93007590A9 /* UIKit.framework */ = {isa = PBXFileReference; lastKnownFileType = wrapper.framework; name = UIKit.framework; path = System/Library/Frameworks/UIKit.framework; sourceTree = SDKROOT; };
		52EE4203172C4A93007590A9 /* Foundation.framework */ = {isa = PBXFileReference; lastKnownFileType = wrapper.framework; name = Foundation.framework; path = System/Library/Frameworks/Foundation.framework; sourceTree = SDKROOT; };
		52EE4205172C4A93007590A9 /* CoreGraphics.framework */ = {isa = PBXFileReference; lastKnownFileType = wrapper.framework; name = CoreGraphics.framework; path = System/Library/Frameworks/CoreGraphics.framework; sourceTree = SDKROOT; };
		52EE4209172C4A93007590A9 /* ECListView-Info.plist */ = {isa = PBXFileReference; lastKnownFileType = text.plist.xml; path = "ECListView-Info.plist"; sourceTree = "<group>"; };
		52EE420B172C4A93007590A9 /* en */ = {isa = PBXFileReference; lastKnownFileType = text.plist.strings; name = en; path = en.lproj/InfoPlist.strings; sourceTree = "<group>"; };
		52EE420D172C4A93007590A9 /* main.m */ = {isa = PBXFileReference; lastKnownFileType = sourcecode.c.objc; path = main.m; sourceTree = "<group>"; };
		52EE420F172C4A93007590A9 /* ECListView-Prefix.pch */ = {isa = PBXFileReference; lastKnownFileType = sourcecode.c.h; path = "ECListView-Prefix.pch"; sourceTree = "<group>"; };
		52EE4210172C4A93007590A9 /* AppDelegate.h */ = {isa = PBXFileReference; lastKnownFileType = sourcecode.c.h; path = AppDelegate.h; sourceTree = "<group>"; };
		52EE4211172C4A93007590A9 /* AppDelegate.m */ = {isa = PBXFileReference; lastKnownFileType = sourcecode.c.objc; path = AppDelegate.m; sourceTree = "<group>"; };
		52EE4213172C4A94007590A9 /* Default.png */ = {isa = PBXFileReference; lastKnownFileType = image.png; path = Default.png; sourceTree = "<group>"; };
		52EE4215172C4A94007590A9 /* Default@2x.png */ = {isa = PBXFileReference; lastKnownFileType = image.png; path = "Default@2x.png"; sourceTree = "<group>"; };
		52EE4217172C4A94007590A9 /* Default-568h@2x.png */ = {isa = PBXFileReference; lastKnownFileType = image.png; path = "Default-568h@2x.png"; sourceTree = "<group>"; };
		52EE4219172C4A94007590A9 /* ViewController.h */ = {isa = PBXFileReference; lastKnownFileType = sourcecode.c.h; path = ViewController.h; sourceTree = "<group>"; };
		52EE421A172C4A94007590A9 /* ViewController.m */ = {isa = PBXFileReference; lastKnownFileType = sourcecode.c.objc; path = ViewController.m; sourceTree = "<group>"; };
		52EE421D172C4A94007590A9 /* en */ = {isa = PBXFileReference; lastKnownFileType = file.xib; name = en; path = en.lproj/ViewController.xib; sourceTree = "<group>"; };
		52EE4224172C51CE007590A9 /* ECListView.h */ = {isa = PBXFileReference; fileEncoding = 4; lastKnownFileType = sourcecode.c.h; path = ECListView.h; sourceTree = "<group>"; };
		52EE4225172C51CE007590A9 /* ECListView.m */ = {isa = PBXFileReference; fileEncoding = 4; lastKnownFileType = sourcecode.c.objc; path = ECListView.m; sourceTree = "<group>"; };
		52EE4227172C853C007590A9 /* check@2x.png */ = {isa = PBXFileReference; lastKnownFileType = image.png; path = "check@2x.png"; sourceTree = "<group>"; };
		52EE4228172C853C007590A9 /* check.png */ = {isa = PBXFileReference; lastKnownFileType = image.png; path = check.png; sourceTree = "<group>"; };
/* End PBXFileReference section */

/* Begin PBXFrameworksBuildPhase section */
		52EE41FA172C4A93007590A9 /* Frameworks */ = {
			isa = PBXFrameworksBuildPhase;
			buildActionMask = 2147483647;
			files = (
				52EE4202172C4A93007590A9 /* UIKit.framework in Frameworks */,
				52EE4204172C4A93007590A9 /* Foundation.framework in Frameworks */,
				52EE4206172C4A93007590A9 /* CoreGraphics.framework in Frameworks */,
			);
			runOnlyForDeploymentPostprocessing = 0;
		};
/* End PBXFrameworksBuildPhase section */

/* Begin PBXGroup section */
		52EE41F2172C4A93007590A9 = {
			isa = PBXGroup;
			children = (
				52EE4207172C4A93007590A9 /* ECListView */,
				52EE4200172C4A93007590A9 /* Frameworks */,
				52EE41FE172C4A93007590A9 /* Products */,
			);
			sourceTree = "<group>";
		};
		52EE41FE172C4A93007590A9 /* Products */ = {
			isa = PBXGroup;
			children = (
				52EE41FD172C4A93007590A9 /* ECListView.app */,
			);
			name = Products;
			sourceTree = "<group>";
		};
		52EE4200172C4A93007590A9 /* Frameworks */ = {
			isa = PBXGroup;
			children = (
				52EE4201172C4A93007590A9 /* UIKit.framework */,
				52EE4203172C4A93007590A9 /* Foundation.framework */,
				52EE4205172C4A93007590A9 /* CoreGraphics.framework */,
			);
			name = Frameworks;
			sourceTree = "<group>";
		};
		52EE4207172C4A93007590A9 /* ECListView */ = {
			isa = PBXGroup;
			children = (
				52EB3D121746338800068AC4 /* ss.png */,
				52EE4227172C853C007590A9 /* check@2x.png */,
				52EE4228172C853C007590A9 /* check.png */,
				52EE4210172C4A93007590A9 /* AppDelegate.h */,
				52EE4211172C4A93007590A9 /* AppDelegate.m */,
				52EE4219172C4A94007590A9 /* ViewController.h */,
				52EE421A172C4A94007590A9 /* ViewController.m */,
				52EE421C172C4A94007590A9 /* ViewController.xib */,
				52EE4208172C4A93007590A9 /* Supporting Files */,
				52EE4224172C51CE007590A9 /* ECListView.h */,
				52EE4225172C51CE007590A9 /* ECListView.m */,
			);
			path = ECListView;
			sourceTree = "<group>";
		};
		52EE4208172C4A93007590A9 /* Supporting Files */ = {
			isa = PBXGroup;
			children = (
				52EE4209172C4A93007590A9 /* ECListView-Info.plist */,
				52EE420A172C4A93007590A9 /* InfoPlist.strings */,
				52EE420D172C4A93007590A9 /* main.m */,
				52EE420F172C4A93007590A9 /* ECListView-Prefix.pch */,
				52EE4213172C4A94007590A9 /* Default.png */,
				52EE4215172C4A94007590A9 /* Default@2x.png */,
				52EE4217172C4A94007590A9 /* Default-568h@2x.png */,
			);
			name = "Supporting Files";
			sourceTree = "<group>";
		};
/* End PBXGroup section */

/* Begin PBXNativeTarget section */
		52EE41FC172C4A93007590A9 /* ECListView */ = {
			isa = PBXNativeTarget;
			buildConfigurationList = 52EE4221172C4A94007590A9 /* Build configuration list for PBXNativeTarget "ECListView" */;
			buildPhases = (
				52EE41F9172C4A93007590A9 /* Sources */,
				52EE41FA172C4A93007590A9 /* Frameworks */,
				52EE41FB172C4A93007590A9 /* Resources */,
			);
			buildRules = (
			);
			dependencies = (
			);
			name = ECListView;
			productName = ECListView;
			productReference = 52EE41FD172C4A93007590A9 /* ECListView.app */;
			productType = "com.apple.product-type.application";
		};
/* End PBXNativeTarget section */

/* Begin PBXProject section */
		52EE41F4172C4A93007590A9 /* Project object */ = {
			isa = PBXProject;
			attributes = {
				LastUpgradeCheck = 0450;
				ORGANIZATIONNAME = "Eyal Cohen";
			};
			buildConfigurationList = 52EE41F7172C4A93007590A9 /* Build configuration list for PBXProject "ECListView" */;
			compatibilityVersion = "Xcode 3.2";
			developmentRegion = English;
			hasScannedForEncodings = 0;
			knownRegions = (
				en,
			);
			mainGroup = 52EE41F2172C4A93007590A9;
			productRefGroup = 52EE41FE172C4A93007590A9 /* Products */;
			projectDirPath = "";
			projectRoot = "";
			targets = (
				52EE41FC172C4A93007590A9 /* ECListView */,
			);
		};
/* End PBXProject section */

/* Begin PBXResourcesBuildPhase section */
		52EE41FB172C4A93007590A9 /* Resources */ = {
			isa = PBXResourcesBuildPhase;
			buildActionMask = 2147483647;
			files = (
				52EE420C172C4A93007590A9 /* InfoPlist.strings in Resources */,
				52EE4214172C4A94007590A9 /* Default.png in Resources */,
				52EE4216172C4A94007590A9 /* Default@2x.png in Resources */,
				52EE4218172C4A94007590A9 /* Default-568h@2x.png in Resources */,
				52EE421E172C4A94007590A9 /* ViewController.xib in Resources */,
				52EE4229172C853C007590A9 /* check@2x.png in Resources */,
				52EE422A172C853C007590A9 /* check.png in Resources */,
				52EB3D131746338800068AC4 /* ss.png in Resources */,
			);
			runOnlyForDeploymentPostprocessing = 0;
		};
/* End PBXResourcesBuildPhase section */

/* Begin PBXSourcesBuildPhase section */
		52EE41F9172C4A93007590A9 /* Sources */ = {
			isa = PBXSourcesBuildPhase;
			buildActionMask = 2147483647;
			files = (
				52EE420E172C4A93007590A9 /* main.m in Sources */,
				52EE4212172C4A93007590A9 /* AppDelegate.m in Sources */,
				52EE421B172C4A94007590A9 /* ViewController.m in Sources */,
				52EE4226172C51CE007590A9 /* ECListView.m in Sources */,
			);
			runOnlyForDeploymentPostprocessing = 0;
		};
/* End PBXSourcesBuildPhase section */

/* Begin PBXVariantGroup section */
		52EE420A172C4A93007590A9 /* InfoPlist.strings */ = {
			isa = PBXVariantGroup;
			children = (
				52EE420B172C4A93007590A9 /* en */,
			);
			name = InfoPlist.strings;
			sourceTree = "<group>";
		};
		52EE421C172C4A94007590A9 /* ViewController.xib */ = {
			isa = PBXVariantGroup;
			children = (
				52EE421D172C4A94007590A9 /* en */,
			);
			name = ViewController.xib;
			sourceTree = "<group>";
		};
/* End PBXVariantGroup section */

/* Begin XCBuildConfiguration section */
		52EE421F172C4A94007590A9 /* Debug */ = {
			isa = XCBuildConfiguration;
			buildSettings = {
				ALWAYS_SEARCH_USER_PATHS = NO;
				CLANG_CXX_LANGUAGE_STANDARD = "gnu++0x";
				CLANG_CXX_LIBRARY = "libc++";
				CLANG_WARN_EMPTY_BODY = YES;
				CLANG_WARN__DUPLICATE_METHOD_MATCH = YES;
				"CODE_SIGN_IDENTITY[sdk=iphoneos*]" = "iPhone Developer";
				COPY_PHASE_STRIP = NO;
				GCC_C_LANGUAGE_STANDARD = gnu99;
				GCC_DYNAMIC_NO_PIC = NO;
				GCC_OPTIMIZATION_LEVEL = 0;
				GCC_PREPROCESSOR_DEFINITIONS = (
					"DEBUG=1",
					"$(inherited)",
				);
				GCC_SYMBOLS_PRIVATE_EXTERN = NO;
				GCC_WARN_ABOUT_RETURN_TYPE = YES;
				GCC_WARN_UNINITIALIZED_AUTOS = YES;
				GCC_WARN_UNUSED_VARIABLE = YES;
				IPHONEOS_DEPLOYMENT_TARGET = 6.0;
				ONLY_ACTIVE_ARCH = YES;
				SDKROOT = iphoneos;
			};
			name = Debug;
		};
		52EE4220172C4A94007590A9 /* Release */ = {
			isa = XCBuildConfiguration;
			buildSettings = {
				ALWAYS_SEARCH_USER_PATHS = NO;
				CLANG_CXX_LANGUAGE_STANDARD = "gnu++0x";
				CLANG_CXX_LIBRARY = "libc++";
				CLANG_WARN_EMPTY_BODY = YES;
				CLANG_WARN__DUPLICATE_METHOD_MATCH = YES;
				"CODE_SIGN_IDENTITY[sdk=iphoneos*]" = "iPhone Developer";
				COPY_PHASE_STRIP = YES;
				GCC_C_LANGUAGE_STANDARD = gnu99;
				GCC_WARN_ABOUT_RETURN_TYPE = YES;
				GCC_WARN_UNINITIALIZED_AUTOS = YES;
				GCC_WARN_UNUSED_VARIABLE = YES;
				IPHONEOS_DEPLOYMENT_TARGET = 6.0;
				OTHER_CFLAGS = "-DNS_BLOCK_ASSERTIONS=1";
				SDKROOT = iphoneos;
				VALIDATE_PRODUCT = YES;
			};
			name = Release;
		};
		52EE4222172C4A94007590A9 /* Debug */ = {
			isa = XCBuildConfiguration;
			buildSettings = {
				GCC_PRECOMPILE_PREFIX_HEADER = YES;
				GCC_PREFIX_HEADER = "ECListView/ECListView-Prefix.pch";
				INFOPLIST_FILE = "ECListView/ECListView-Info.plist";
				IPHONEOS_DEPLOYMENT_TARGET = 5.0;
				PRODUCT_NAME = "$(TARGET_NAME)";
				WRAPPER_EXTENSION = app;
			};
			name = Debug;
		};
		52EE4223172C4A94007590A9 /* Release */ = {
			isa = XCBuildConfiguration;
			buildSettings = {
				GCC_PRECOMPILE_PREFIX_HEADER = YES;
				GCC_PREFIX_HEADER = "ECListView/ECListView-Prefix.pch";
				INFOPLIST_FILE = "ECListView/ECListView-Info.plist";
				IPHONEOS_DEPLOYMENT_TARGET = 5.0;
				PRODUCT_NAME = "$(TARGET_NAME)";
				WRAPPER_EXTENSION = app;
			};
			name = Release;
		};
/* End XCBuildConfiguration section */

/* Begin XCConfigurationList section */
		52EE41F7172C4A93007590A9 /* Build configuration list for PBXProject "ECListView" */ = {
			isa = XCConfigurationList;
			buildConfigurations = (
				52EE421F172C4A94007590A9 /* Debug */,
				52EE4220172C4A94007590A9 /* Release */,
			);
			defaultConfigurationIsVisible = 0;
			defaultConfigurationName = Release;
		};
		52EE4221172C4A94007590A9 /* Build configuration list for PBXNativeTarget "ECListView" */ = {
			isa = XCConfigurationList;
			buildConfigurations = (
				52EE4222172C4A94007590A9 /* Debug */,
				52EE4223172C4A94007590A9 /* Release */,
			);
			defaultConfigurationIsVisible = 0;
			defaultConfigurationName = Release;
		};
/* End XCConfigurationList section */
	};
	rootObject = 52EE41F4172C4A93007590A9 /* Project object */;
}
